
Microsoft Visual Studio Solution File, Format Version 12.00
# Visual Studio 2012
Project("{FAE04EC0-301F-11D3-BF4B-00C04F79EFBC}") = "SharpGIS.HttpClient.WP8", "SharpGIS.HttpClient.WP\SharpGIS.HttpClient.WP8.csproj", "{7D3291EA-6B2B-492A-B220-8AC648A5B5FE}"
EndProject
Project("{2150E333-8FDC-42A3-9474-1A3956D46DE8}") = "UnitTests", "UnitTests", "{785272AE-6293-4303-9451-34A239A5AC3C}"
EndProject
Project("{FAE04EC0-301F-11D3-BF4B-00C04F79EFBC}") = "WP8UnitTest", "UnitTests\WP8\WP8UnitTest.csproj", "{0B3D4D9C-0F76-4F22-A395-19419979707A}"
EndProject
Project("{FAE04EC0-301F-11D3-BF4B-00C04F79EFBC}") = "Win8UnitTest", "UnitTests\Win8\Win8UnitTest.csproj", "{C2BFEB29-4345-4F57-A37F-22C8D7DB06C3}"
EndProject
Project("{FAE04EC0-301F-11D3-BF4B-00C04F79EFBC}") = "SharpGIS.HttpClient.WP7", "SharpGIS.HttpClient.WP\SharpGIS.HttpClient.WP7.csproj", "{D1119EE6-2D0A-4ADB-8826-7FA98F31EC0C}"
EndProject
Global
	GlobalSection(SolutionConfigurationPlatforms) = preSolution
		Debug|Any CPU = Debug|Any CPU
		Release|Any CPU = Release|Any CPU
	EndGlobalSection
	GlobalSection(ProjectConfigurationPlatforms) = postSolution
		{7D3291EA-6B2B-492A-B220-8AC648A5B5FE}.Debug|Any CPU.ActiveCfg = Debug|Any CPU
		{7D3291EA-6B2B-492A-B220-8AC648A5B5FE}.Debug|Any CPU.Build.0 = Debug|Any CPU
		{7D3291EA-6B2B-492A-B220-8AC648A5B5FE}.Release|Any CPU.ActiveCfg = Release|Any CPU
		{7D3291EA-6B2B-492A-B220-8AC648A5B5FE}.Release|Any CPU.Build.0 = Release|Any CPU
		{0B3D4D9C-0F76-4F22-A395-19419979707A}.Debug|Any CPU.ActiveCfg = Debug|Any CPU
		{0B3D4D9C-0F76-4F22-A395-19419979707A}.Debug|Any CPU.Build.0 = Debug|Any CPU
		{0B3D4D9C-0F76-4F22-A395-19419979707A}.Release|Any CPU.ActiveCfg = Release|Any CPU
		{0B3D4D9C-0F76-4F22-A395-19419979707A}.Release|Any CPU.Build.0 = Release|Any CPU
		{C2BFEB29-4345-4F57-A37F-22C8D7DB06C3}.Debug|Any CPU.ActiveCfg = Debug|Any CPU
		{C2BFEB29-4345-4F57-A37F-22C8D7DB06C3}.Debug|Any CPU.Build.0 = Debug|Any CPU
		{C2BFEB29-4345-4F57-A37F-22C8D7DB06C3}.Release|Any CPU.ActiveCfg = Release|Any CPU
		{C2BFEB29-4345-4F57-A37F-22C8D7DB06C3}.Release|Any CPU.Build.0 = Release|Any CPU
		{D1119EE6-2D0A-4ADB-8826-7FA98F31EC0C}.Debug|Any CPU.ActiveCfg = Debug|Any CPU
		{D1119EE6-2D0A-4ADB-8826-7FA98F31EC0C}.Debug|Any CPU.Build.0 = Debug|Any CPU
		{D1119EE6-2D0A-4ADB-8826-7FA98F31EC0C}.Release|Any CPU.ActiveCfg = Release|Any CPU
		{D1119EE6-2D0A-4ADB-8826-7FA98F31EC0C}.Release|Any CPU.Build.0 = Release|Any CPU
	EndGlobalSection
	GlobalSection(SolutionProperties) = preSolution
		HideSolutionNode = FALSE
	EndGlobalSection
	GlobalSection(NestedProjects) = preSolution
		{0B3D4D9C-0F76-4F22-A395-19419979707A} = {785272AE-6293-4303-9451-34A239A5AC3C}
		{C2BFEB29-4345-4F57-A37F-22C8D7DB06C3} = {785272AE-6293-4303-9451-34A239A5AC3C}
	EndGlobalSection
EndGlobal
