
Microsoft Visual Studio Solution File, Format Version 12.00
# Visual Studio 2012
Project("{FAE04EC0-301F-11D3-BF4B-00C04F79EFBC}") = "SharpGIS.HttpClient.WP8", "SharpGIS.HttpClient.WP\SharpGIS.HttpClient.WP8.csproj", "{7D3291EA-6B2B-492A-B220-8AC648A5B5FE}"
EndProject
Project("{2150E333-8FDC-42A3-9474-1A3956D46DE8}") = "UnitTests", "UnitTests", "{785272AE-6293-4303-9451-34A239A5AC3C}"
EndProject
Project("{FAE04EC0-301F-11D3-BF4B-00C04F79EFBC}") = "WP8UnitTest", "UnitTests\WP8\WP8UnitTest.csproj", "{0B3D4D9C-0F76-4F22-A395-19419979707A}"
EndProject
Project("{FAE04EC0-301F-11D3-BF4B-00C04F79EFBC}") = "Win8UnitTest", "UnitTests\Win8\Win8UnitTest.csproj", "{C2BFEB29-4345-4F57-A37F-22C8D7DB06C3}"
EndProject
Global
	GlobalSection(SolutionConfigurationPlatforms) = preSolution
		Debug|Any CPU = Debug|Any CPU
		Debug|ARM = Debug|ARM
		Debug|Mixed Platforms = Debug|Mixed Platforms
		Debug|x64 = Debug|x64
		Debug|x86 = Debug|x86
		Release|Any CPU = Release|Any CPU
		Release|ARM = Release|ARM
		Release|Mixed Platforms = Release|Mixed Platforms
		Release|x64 = Release|x64
		Release|x86 = Release|x86
	EndGlobalSection
	GlobalSection(ProjectConfigurationPlatforms) = postSolution
		{7D3291EA-6B2B-492A-B220-8AC648A5B5FE}.Debug|Any CPU.ActiveCfg = Debug|Any CPU
		{7D3291EA-6B2B-492A-B220-8AC648A5B5FE}.Debug|Any CPU.Build.0 = Debug|Any CPU
		{7D3291EA-6B2B-492A-B220-8AC648A5B5FE}.Debug|ARM.ActiveCfg = Debug|ARM
		{7D3291EA-6B2B-492A-B220-8AC648A5B5FE}.Debug|ARM.Build.0 = Debug|ARM
		{7D3291EA-6B2B-492A-B220-8AC648A5B5FE}.Debug|Mixed Platforms.ActiveCfg = Debug|x86
		{7D3291EA-6B2B-492A-B220-8AC648A5B5FE}.Debug|Mixed Platforms.Build.0 = Debug|x86
		{7D3291EA-6B2B-492A-B220-8AC648A5B5FE}.Debug|x64.ActiveCfg = Debug|Any CPU
		{7D3291EA-6B2B-492A-B220-8AC648A5B5FE}.Debug|x86.ActiveCfg = Debug|x86
		{7D3291EA-6B2B-492A-B220-8AC648A5B5FE}.Debug|x86.Build.0 = Debug|x86
		{7D3291EA-6B2B-492A-B220-8AC648A5B5FE}.Release|Any CPU.ActiveCfg = Release|Any CPU
		{7D3291EA-6B2B-492A-B220-8AC648A5B5FE}.Release|Any CPU.Build.0 = Release|Any CPU
		{7D3291EA-6B2B-492A-B220-8AC648A5B5FE}.Release|ARM.ActiveCfg = Release|ARM
		{7D3291EA-6B2B-492A-B220-8AC648A5B5FE}.Release|ARM.Build.0 = Release|ARM
		{7D3291EA-6B2B-492A-B220-8AC648A5B5FE}.Release|Mixed Platforms.ActiveCfg = Release|x86
		{7D3291EA-6B2B-492A-B220-8AC648A5B5FE}.Release|Mixed Platforms.Build.0 = Release|x86
		{7D3291EA-6B2B-492A-B220-8AC648A5B5FE}.Release|x64.ActiveCfg = Release|Any CPU
		{7D3291EA-6B2B-492A-B220-8AC648A5B5FE}.Release|x86.ActiveCfg = Release|x86
		{7D3291EA-6B2B-492A-B220-8AC648A5B5FE}.Release|x86.Build.0 = Release|x86
		{0B3D4D9C-0F76-4F22-A395-19419979707A}.Debug|Any CPU.ActiveCfg = Debug|x86
		{0B3D4D9C-0F76-4F22-A395-19419979707A}.Debug|ARM.ActiveCfg = Debug|ARM
		{0B3D4D9C-0F76-4F22-A395-19419979707A}.Debug|ARM.Build.0 = Debug|ARM
		{0B3D4D9C-0F76-4F22-A395-19419979707A}.Debug|ARM.Deploy.0 = Debug|ARM
		{0B3D4D9C-0F76-4F22-A395-19419979707A}.Debug|Mixed Platforms.ActiveCfg = Debug|x86
		{0B3D4D9C-0F76-4F22-A395-19419979707A}.Debug|Mixed Platforms.Build.0 = Debug|x86
		{0B3D4D9C-0F76-4F22-A395-19419979707A}.Debug|Mixed Platforms.Deploy.0 = Debug|x86
		{0B3D4D9C-0F76-4F22-A395-19419979707A}.Debug|x64.ActiveCfg = Debug|x86
		{0B3D4D9C-0F76-4F22-A395-19419979707A}.Debug|x86.ActiveCfg = Debug|x86
		{0B3D4D9C-0F76-4F22-A395-19419979707A}.Debug|x86.Build.0 = Debug|x86
		{0B3D4D9C-0F76-4F22-A395-19419979707A}.Debug|x86.Deploy.0 = Debug|x86
		{0B3D4D9C-0F76-4F22-A395-19419979707A}.Release|Any CPU.ActiveCfg = Release|x86
		{0B3D4D9C-0F76-4F22-A395-19419979707A}.Release|ARM.ActiveCfg = Release|ARM
		{0B3D4D9C-0F76-4F22-A395-19419979707A}.Release|ARM.Build.0 = Release|ARM
		{0B3D4D9C-0F76-4F22-A395-19419979707A}.Release|ARM.Deploy.0 = Release|ARM
		{0B3D4D9C-0F76-4F22-A395-19419979707A}.Release|Mixed Platforms.ActiveCfg = Release|x86
		{0B3D4D9C-0F76-4F22-A395-19419979707A}.Release|Mixed Platforms.Build.0 = Release|x86
		{0B3D4D9C-0F76-4F22-A395-19419979707A}.Release|Mixed Platforms.Deploy.0 = Release|x86
		{0B3D4D9C-0F76-4F22-A395-19419979707A}.Release|x64.ActiveCfg = Release|x86
		{0B3D4D9C-0F76-4F22-A395-19419979707A}.Release|x86.ActiveCfg = Release|x86
		{0B3D4D9C-0F76-4F22-A395-19419979707A}.Release|x86.Build.0 = Release|x86
		{0B3D4D9C-0F76-4F22-A395-19419979707A}.Release|x86.Deploy.0 = Release|x86
		{C2BFEB29-4345-4F57-A37F-22C8D7DB06C3}.Debug|Any CPU.ActiveCfg = Debug|Any CPU
		{C2BFEB29-4345-4F57-A37F-22C8D7DB06C3}.Debug|Any CPU.Build.0 = Debug|Any CPU
		{C2BFEB29-4345-4F57-A37F-22C8D7DB06C3}.Debug|Any CPU.Deploy.0 = Debug|Any CPU
		{C2BFEB29-4345-4F57-A37F-22C8D7DB06C3}.Debug|ARM.ActiveCfg = Debug|ARM
		{C2BFEB29-4345-4F57-A37F-22C8D7DB06C3}.Debug|ARM.Build.0 = Debug|ARM
		{C2BFEB29-4345-4F57-A37F-22C8D7DB06C3}.Debug|ARM.Deploy.0 = Debug|ARM
		{C2BFEB29-4345-4F57-A37F-22C8D7DB06C3}.Debug|Mixed Platforms.ActiveCfg = Debug|x86
		{C2BFEB29-4345-4F57-A37F-22C8D7DB06C3}.Debug|Mixed Platforms.Build.0 = Debug|x86
		{C2BFEB29-4345-4F57-A37F-22C8D7DB06C3}.Debug|Mixed Platforms.Deploy.0 = Debug|x86
		{C2BFEB29-4345-4F57-A37F-22C8D7DB06C3}.Debug|x64.ActiveCfg = Debug|x64
		{C2BFEB29-4345-4F57-A37F-22C8D7DB06C3}.Debug|x64.Build.0 = Debug|x64
		{C2BFEB29-4345-4F57-A37F-22C8D7DB06C3}.Debug|x64.Deploy.0 = Debug|x64
		{C2BFEB29-4345-4F57-A37F-22C8D7DB06C3}.Debug|x86.ActiveCfg = Debug|x86
		{C2BFEB29-4345-4F57-A37F-22C8D7DB06C3}.Debug|x86.Build.0 = Debug|x86
		{C2BFEB29-4345-4F57-A37F-22C8D7DB06C3}.Debug|x86.Deploy.0 = Debug|x86
		{C2BFEB29-4345-4F57-A37F-22C8D7DB06C3}.Release|Any CPU.ActiveCfg = Release|Any CPU
		{C2BFEB29-4345-4F57-A37F-22C8D7DB06C3}.Release|Any CPU.Build.0 = Release|Any CPU
		{C2BFEB29-4345-4F57-A37F-22C8D7DB06C3}.Release|Any CPU.Deploy.0 = Release|Any CPU
		{C2BFEB29-4345-4F57-A37F-22C8D7DB06C3}.Release|ARM.ActiveCfg = Release|ARM
		{C2BFEB29-4345-4F57-A37F-22C8D7DB06C3}.Release|ARM.Build.0 = Release|ARM
		{C2BFEB29-4345-4F57-A37F-22C8D7DB06C3}.Release|ARM.Deploy.0 = Release|ARM
		{C2BFEB29-4345-4F57-A37F-22C8D7DB06C3}.Release|Mixed Platforms.ActiveCfg = Release|x86
		{C2BFEB29-4345-4F57-A37F-22C8D7DB06C3}.Release|Mixed Platforms.Build.0 = Release|x86
		{C2BFEB29-4345-4F57-A37F-22C8D7DB06C3}.Release|Mixed Platforms.Deploy.0 = Release|x86
		{C2BFEB29-4345-4F57-A37F-22C8D7DB06C3}.Release|x64.ActiveCfg = Release|x64
		{C2BFEB29-4345-4F57-A37F-22C8D7DB06C3}.Release|x64.Build.0 = Release|x64
		{C2BFEB29-4345-4F57-A37F-22C8D7DB06C3}.Release|x64.Deploy.0 = Release|x64
		{C2BFEB29-4345-4F57-A37F-22C8D7DB06C3}.Release|x86.ActiveCfg = Release|x86
		{C2BFEB29-4345-4F57-A37F-22C8D7DB06C3}.Release|x86.Build.0 = Release|x86
		{C2BFEB29-4345-4F57-A37F-22C8D7DB06C3}.Release|x86.Deploy.0 = Release|x86
	EndGlobalSection
	GlobalSection(SolutionProperties) = preSolution
		HideSolutionNode = FALSE
	EndGlobalSection
	GlobalSection(NestedProjects) = preSolution
		{0B3D4D9C-0F76-4F22-A395-19419979707A} = {785272AE-6293-4303-9451-34A239A5AC3C}
		{C2BFEB29-4345-4F57-A37F-22C8D7DB06C3} = {785272AE-6293-4303-9451-34A239A5AC3C}
	EndGlobalSection
EndGlobal
